// !$*UTF8*$!
{
	archiveVersion = 1;
	classes = {
	};
	objectVersion = 77;
	objects = {

/* Begin PBXContainerItemProxy section */
		8939BC9F2E522399008A4619 /* PBXContainerItemProxy */ = {
			isa = PBXContainerItemProxy;
			containerPortal = 8939BC882E522397008A4619 /* Project object */;
			proxyType = 1;
			remoteGlobalIDString = 8939BC8F2E522397008A4619;
			remoteInfo = "marvel-comics";
		};
		8939BCA92E522399008A4619 /* PBXContainerItemProxy */ = {
			isa = PBXContainerItemProxy;
			containerPortal = 8939BC882E522397008A4619 /* Project object */;
			proxyType = 1;
			remoteGlobalIDString = 8939BC8F2E522397008A4619;
			remoteInfo = "marvel-comics";
		};
/* End PBXContainerItemProxy section */

/* Begin PBXFileReference section */
		8939BC902E522397008A4619 /* marvel-comics.app */ = {isa = PBXFileReference; explicitFileType = wrapper.application; includeInIndex = 0; path = "marvel-comics.app"; sourceTree = BUILT_PRODUCTS_DIR; };
		8939BC9E2E522399008A4619 /* marvel-comicsTests.xctest */ = {isa = PBXFileReference; explicitFileType = wrapper.cfbundle; includeInIndex = 0; path = "marvel-comicsTests.xctest"; sourceTree = BUILT_PRODUCTS_DIR; };
		8939BCA82E522399008A4619 /* marvel-comicsUITests.xctest */ = {isa = PBXFileReference; explicitFileType = wrapper.cfbundle; includeInIndex = 0; path = "marvel-comicsUITests.xctest"; sourceTree = BUILT_PRODUCTS_DIR; };
/* End PBXFileReference section */

/* Begin PBXFileSystemSynchronizedRootGroup section */
		8939BC922E522397008A4619 /* marvel-comics */ = {
			isa = PBXFileSystemSynchronizedRootGroup;
			path = "marvel-comics";
			sourceTree = "<group>";
		};
		8939BCA12E522399008A4619 /* marvel-comicsTests */ = {
			isa = PBXFileSystemSynchronizedRootGroup;
			path = "marvel-comicsTests";
			sourceTree = "<group>";
		};
		8939BCAB2E522399008A4619 /* marvel-comicsUITests */ = {
			isa = PBXFileSystemSynchronizedRootGroup;
			path = "marvel-comicsUITests";
			sourceTree = "<group>";
		};
/* End PBXFileSystemSynchronizedRootGroup section */

/* Begin PBXFrameworksBuildPhase section */
		8939BC8D2E522397008A4619 /* Frameworks */ = {
			isa = PBXFrameworksBuildPhase;
			buildActionMask = 2147483647;
			files = (
			);
			runOnlyForDeploymentPostprocessing = 0;
		};
		8939BC9B2E522399008A4619 /* Frameworks */ = {
			isa = PBXFrameworksBuildPhase;
			buildActionMask = 2147483647;
			files = (
			);
			runOnlyForDeploymentPostprocessing = 0;
		};
		8939BCA52E522399008A4619 /* Frameworks */ = {
			isa = PBXFrameworksBuildPhase;
			buildActionMask = 2147483647;
			files = (
			);
			runOnlyForDeploymentPostprocessing = 0;
		};
/* End PBXFrameworksBuildPhase section */

/* Begin PBXGroup section */
		8939BC872E522397008A4619 = {
			isa = PBXGroup;
			children = (
				8939BC922E522397008A4619 /* marvel-comics */,
				8939BCA12E522399008A4619 /* marvel-comicsTests */,
				8939BCAB2E522399008A4619 /* marvel-comicsUITests */,
				8939BC912E522397008A4619 /* Products */,
			);
			sourceTree = "<group>";
		};
		8939BC912E522397008A4619 /* Products */ = {
			isa = PBXGroup;
			children = (
				8939BC902E522397008A4619 /* marvel-comics.app */,
				8939BC9E2E522399008A4619 /* marvel-comicsTests.xctest */,
				8939BCA82E522399008A4619 /* marvel-comicsUITests.xctest */,
			);
			name = Products;
			sourceTree = "<group>";
		};
/* End PBXGroup section */

/* Begin PBXNativeTarget section */
		8939BC8F2E522397008A4619 /* marvel-comics */ = {
			isa = PBXNativeTarget;
			buildConfigurationList = 8939BCB22E522399008A4619 /* Build configuration list for PBXNativeTarget "marvel-comics" */;
			buildPhases = (
				8939BC8C2E522397008A4619 /* Sources */,
				8939BC8D2E522397008A4619 /* Frameworks */,
				8939BC8E2E522397008A4619 /* Resources */,
			);
			buildRules = (
			);
			dependencies = (
			);
			fileSystemSynchronizedGroups = (
				8939BC922E522397008A4619 /* marvel-comics */,
			);
			name = "marvel-comics";
			packageProductDependencies = (
			);
			productName = "marvel-comics";
			productReference = 8939BC902E522397008A4619 /* marvel-comics.app */;
			productType = "com.apple.product-type.application";
		};
		8939BC9D2E522399008A4619 /* marvel-comicsTests */ = {
			isa = PBXNativeTarget;
			buildConfigurationList = 8939BCB52E522399008A4619 /* Build configuration list for PBXNativeTarget "marvel-comicsTests" */;
			buildPhases = (
				8939BC9A2E522399008A4619 /* Sources */,
				8939BC9B2E522399008A4619 /* Frameworks */,
				8939BC9C2E522399008A4619 /* Resources */,
			);
			buildRules = (
			);
			dependencies = (
				8939BCA02E522399008A4619 /* PBXTargetDependency */,
			);
			fileSystemSynchronizedGroups = (
				8939BCA12E522399008A4619 /* marvel-comicsTests */,
			);
			name = "marvel-comicsTests";
			packageProductDependencies = (
			);
			productName = "marvel-comicsTests";
			productReference = 8939BC9E2E522399008A4619 /* marvel-comicsTests.xctest */;
			productType = "com.apple.product-type.bundle.unit-test";
		};
		8939BCA72E522399008A4619 /* marvel-comicsUITests */ = {
			isa = PBXNativeTarget;
			buildConfigurationList = 8939BCB82E522399008A4619 /* Build configuration list for PBXNativeTarget "marvel-comicsUITests" */;
			buildPhases = (
				8939BCA42E522399008A4619 /* Sources */,
				8939BCA52E522399008A4619 /* Frameworks */,
				8939BCA62E522399008A4619 /* Resources */,
			);
			buildRules = (
			);
			dependencies = (
				8939BCAA2E522399008A4619 /* PBXTargetDependency */,
			);
			fileSystemSynchronizedGroups = (
				8939BCAB2E522399008A4619 /* marvel-comicsUITests */,
			);
			name = "marvel-comicsUITests";
			packageProductDependencies = (
			);
			productName = "marvel-comicsUITests";
			productReference = 8939BCA82E522399008A4619 /* marvel-comicsUITests.xctest */;
			productType = "com.apple.product-type.bundle.ui-testing";
		};
/* End PBXNativeTarget section */

/* Begin PBXProject section */
		8939BC882E522397008A4619 /* Project object */ = {
			isa = PBXProject;
			attributes = {
				BuildIndependentTargetsInParallel = 1;
				LastSwiftUpdateCheck = 1630;
				LastUpgradeCheck = 1630;
				TargetAttributes = {
					8939BC8F2E522397008A4619 = {
						CreatedOnToolsVersion = 16.3;
					};
					8939BC9D2E522399008A4619 = {
						CreatedOnToolsVersion = 16.3;
						TestTargetID = 8939BC8F2E522397008A4619;
					};
					8939BCA72E522399008A4619 = {
						CreatedOnToolsVersion = 16.3;
						TestTargetID = 8939BC8F2E522397008A4619;
					};
				};
			};
			buildConfigurationList = 8939BC8B2E522397008A4619 /* Build configuration list for PBXProject "marvel-comics" */;
			developmentRegion = en;
			hasScannedForEncodings = 0;
			knownRegions = (
				en,
				Base,
			);
			mainGroup = 8939BC872E522397008A4619;
			minimizedProjectReferenceProxies = 1;
			preferredProjectObjectVersion = 77;
			productRefGroup = 8939BC912E522397008A4619 /* Products */;
			projectDirPath = "";
			projectRoot = "";
			targets = (
				8939BC8F2E522397008A4619 /* marvel-comics */,
				8939BC9D2E522399008A4619 /* marvel-comicsTests */,
				8939BCA72E522399008A4619 /* marvel-comicsUITests */,
			);
		};
/* End PBXProject section */

/* Begin PBXResourcesBuildPhase section */
		8939BC8E2E522397008A4619 /* Resources */ = {
			isa = PBXResourcesBuildPhase;
			buildActionMask = 2147483647;
			files = (
			);
			runOnlyForDeploymentPostprocessing = 0;
		};
		8939BC9C2E522399008A4619 /* Resources */ = {
			isa = PBXResourcesBuildPhase;
			buildActionMask = 2147483647;
			files = (
			);
			runOnlyForDeploymentPostprocessing = 0;
		};
		8939BCA62E522399008A4619 /* Resources */ = {
			isa = PBXResourcesBuildPhase;
			buildActionMask = 2147483647;
			files = (
			);
			runOnlyForDeploymentPostprocessing = 0;
		};
/* End PBXResourcesBuildPhase section */

/* Begin PBXSourcesBuildPhase section */
		8939BC8C2E522397008A4619 /* Sources */ = {
			isa = PBXSourcesBuildPhase;
			buildActionMask = 2147483647;
			files = (
			);
			runOnlyForDeploymentPostprocessing = 0;
		};
		8939BC9A2E522399008A4619 /* Sources */ = {
			isa = PBXSourcesBuildPhase;
			buildActionMask = 2147483647;
			files = (
			);
			runOnlyForDeploymentPostprocessing = 0;
		};
		8939BCA42E522399008A4619 /* Sources */ = {
			isa = PBXSourcesBuildPhase;
			buildActionMask = 2147483647;
			files = (
			);
			runOnlyForDeploymentPostprocessing = 0;
		};
/* End PBXSourcesBuildPhase section */

/* Begin PBXTargetDependency section */
		8939BCA02E522399008A4619 /* PBXTargetDependency */ = {
			isa = PBXTargetDependency;
			target = 8939BC8F2E522397008A4619 /* marvel-comics */;
			targetProxy = 8939BC9F2E522399008A4619 /* PBXContainerItemProxy */;
		};
		8939BCAA2E522399008A4619 /* PBXTargetDependency */ = {
			isa = PBXTargetDependency;
			target = 8939BC8F2E522397008A4619 /* marvel-comics */;
			targetProxy = 8939BCA92E522399008A4619 /* PBXContainerItemProxy */;
		};
/* End PBXTargetDependency section */

/* Begin XCBuildConfiguration section */
		8939BCB02E522399008A4619 /* Debug */ = {
			isa = XCBuildConfiguration;
			buildSettings = {
				ALWAYS_SEARCH_USER_PATHS = NO;
				ASSETCATALOG_COMPILER_GENERATE_SWIFT_ASSET_SYMBOL_EXTENSIONS = YES;
				CLANG_ANALYZER_NONNULL = YES;
				CLANG_ANALYZER_NUMBER_OBJECT_CONVERSION = YES_AGGRESSIVE;
				CLANG_CXX_LANGUAGE_STANDARD = "gnu++20";
				CLANG_ENABLE_MODULES = YES;
				CLANG_ENABLE_OBJC_ARC = YES;
				CLANG_ENABLE_OBJC_WEAK = YES;
				CLANG_WARN_BLOCK_CAPTURE_AUTORELEASING = YES;
				CLANG_WARN_BOOL_CONVERSION = YES;
				CLANG_WARN_COMMA = YES;
				CLANG_WARN_CONSTANT_CONVERSION = YES;
				CLANG_WARN_DEPRECATED_OBJC_IMPLEMENTATIONS = YES;
				CLANG_WARN_DIRECT_OBJC_ISA_USAGE = YES_ERROR;
				CLANG_WARN_DOCUMENTATION_COMMENTS = YES;
				CLANG_WARN_EMPTY_BODY = YES;
				CLANG_WARN_ENUM_CONVERSION = YES;
				CLANG_WARN_INFINITE_RECURSION = YES;
				CLANG_WARN_INT_CONVERSION = YES;
				CLANG_WARN_NON_LITERAL_NULL_CONVERSION = YES;
				CLANG_WARN_OBJC_IMPLICIT_RETAIN_SELF = YES;
				CLANG_WARN_OBJC_LITERAL_CONVERSION = YES;
				CLANG_WARN_OBJC_ROOT_CLASS = YES_ERROR;
				CLANG_WARN_QUOTED_INCLUDE_IN_FRAMEWORK_HEADER = YES;
				CLANG_WARN_RANGE_LOOP_ANALYSIS = YES;
				CLANG_WARN_STRICT_PROTOTYPES = YES;
				CLANG_WARN_SUSPICIOUS_MOVE = YES;
				CLANG_WARN_UNGUARDED_AVAILABILITY = YES_AGGRESSIVE;
				CLANG_WARN_UNREACHABLE_CODE = YES;
				CLANG_WARN__DUPLICATE_METHOD_MATCH = YES;
				COPY_PHASE_STRIP = NO;
				DEBUG_INFORMATION_FORMAT = dwarf;
				DEVELOPMENT_TEAM = N42NU3UXS4;
				ENABLE_STRICT_OBJC_MSGSEND = YES;
				ENABLE_TESTABILITY = YES;
				ENABLE_USER_SCRIPT_SANDBOXING = YES;
				GCC_C_LANGUAGE_STANDARD = gnu17;
				GCC_DYNAMIC_NO_PIC = NO;
				GCC_NO_COMMON_BLOCKS = YES;
				GCC_OPTIMIZATION_LEVEL = 0;
				GCC_PREPROCESSOR_DEFINITIONS = (
					"DEBUG=1",
					"$(inherited)",
				);
				GCC_WARN_64_TO_32_BIT_CONVERSION = YES;
				GCC_WARN_ABOUT_RETURN_TYPE = YES_ERROR;
				GCC_WARN_UNDECLARED_SELECTOR = YES;
				GCC_WARN_UNINITIALIZED_AUTOS = YES_AGGRESSIVE;
				GCC_WARN_UNUSED_FUNCTION = YES;
				GCC_WARN_UNUSED_VARIABLE = YES;
				LOCALIZATION_PREFERS_STRING_CATALOGS = YES;
				MACOSX_DEPLOYMENT_TARGET = 15.4;
				MTL_ENABLE_DEBUG_INFO = INCLUDE_SOURCE;
				MTL_FAST_MATH = YES;
				ONLY_ACTIVE_ARCH = YES;
				SDKROOT = macosx;
				SWIFT_ACTIVE_COMPILATION_CONDITIONS = "DEBUG $(inherited)";
				SWIFT_OPTIMIZATION_LEVEL = "-Onone";
			};
			name = Debug;
		};
		8939BCB12E522399008A4619 /* Release */ = {
			isa = XCBuildConfiguration;
			buildSettings = {
				ALWAYS_SEARCH_USER_PATHS = NO;
				ASSETCATALOG_COMPILER_GENERATE_SWIFT_ASSET_SYMBOL_EXTENSIONS = YES;
				CLANG_ANALYZER_NONNULL = YES;
				CLANG_ANALYZER_NUMBER_OBJECT_CONVERSION = YES_AGGRESSIVE;
				CLANG_CXX_LANGUAGE_STANDARD = "gnu++20";
				CLANG_ENABLE_MODULES = YES;
				CLANG_ENABLE_OBJC_ARC = YES;
				CLANG_ENABLE_OBJC_WEAK = YES;
				CLANG_WARN_BLOCK_CAPTURE_AUTORELEASING = YES;
				CLANG_WARN_BOOL_CONVERSION = YES;
				CLANG_WARN_COMMA = YES;
				CLANG_WARN_CONSTANT_CONVERSION = YES;
				CLANG_WARN_DEPRECATED_OBJC_IMPLEMENTATIONS = YES;
				CLANG_WARN_DIRECT_OBJC_ISA_USAGE = YES_ERROR;
				CLANG_WARN_DOCUMENTATION_COMMENTS = YES;
				CLANG_WARN_EMPTY_BODY = YES;
				CLANG_WARN_ENUM_CONVERSION = YES;
				CLANG_WARN_INFINITE_RECURSION = YES;
				CLANG_WARN_INT_CONVERSION = YES;
				CLANG_WARN_NON_LITERAL_NULL_CONVERSION = YES;
				CLANG_WARN_OBJC_IMPLICIT_RETAIN_SELF = YES;
				CLANG_WARN_OBJC_LITERAL_CONVERSION = YES;
				CLANG_WARN_OBJC_ROOT_CLASS = YES_ERROR;
				CLANG_WARN_QUOTED_INCLUDE_IN_FRAMEWORK_HEADER = YES;
				CLANG_WARN_RANGE_LOOP_ANALYSIS = YES;
				CLANG_WARN_STRICT_PROTOTYPES = YES;
				CLANG_WARN_SUSPICIOUS_MOVE = YES;
				CLANG_WARN_UNGUARDED_AVAILABILITY = YES_AGGRESSIVE;
				CLANG_WARN_UNREACHABLE_CODE = YES;
				CLANG_WARN__DUPLICATE_METHOD_MATCH = YES;
				COPY_PHASE_STRIP = NO;
				DEBUG_INFORMATION_FORMAT = "dwarf-with-dsym";
				DEVELOPMENT_TEAM = N42NU3UXS4;
				ENABLE_NS_ASSERTIONS = NO;
				ENABLE_STRICT_OBJC_MSGSEND = YES;
				ENABLE_USER_SCRIPT_SANDBOXING = YES;
				GCC_C_LANGUAGE_STANDARD = gnu17;
				GCC_NO_COMMON_BLOCKS = YES;
				GCC_WARN_64_TO_32_BIT_CONVERSION = YES;
				GCC_WARN_ABOUT_RETURN_TYPE = YES_ERROR;
				GCC_WARN_UNDECLARED_SELECTOR = YES;
				GCC_WARN_UNINITIALIZED_AUTOS = YES_AGGRESSIVE;
				GCC_WARN_UNUSED_FUNCTION = YES;
				GCC_WARN_UNUSED_VARIABLE = YES;
				LOCALIZATION_PREFERS_STRING_CATALOGS = YES;
				MACOSX_DEPLOYMENT_TARGET = 15.4;
				MTL_ENABLE_DEBUG_INFO = NO;
				MTL_FAST_MATH = YES;
				SDKROOT = macosx;
				SWIFT_COMPILATION_MODE = wholemodule;
			};
			name = Release;
		};
		8939BCB32E522399008A4619 /* Debug */ = {
			isa = XCBuildConfiguration;
			buildSettings = {
				ASSETCATALOG_COMPILER_APPICON_NAME = AppIcon;
				ASSETCATALOG_COMPILER_GLOBAL_ACCENT_COLOR_NAME = AccentColor;
				CODE_SIGN_ENTITLEMENTS = "marvel-comics/marvel_comics.entitlements";
				CODE_SIGN_STYLE = Automatic;
				COMBINE_HIDPI_IMAGES = YES;
				CURRENT_PROJECT_VERSION = 1;
				DEVELOPMENT_TEAM = N42NU3UXS4;
				ENABLE_HARDENED_RUNTIME = YES;
				ENABLE_PREVIEWS = YES;
				GENERATE_INFOPLIST_FILE = YES;
				INFOPLIST_KEY_NSHumanReadableCopyright = "";
				LD_RUNPATH_SEARCH_PATHS = (
					"$(inherited)",
					"@executable_path/../Frameworks",
				);
				MACOSX_DEPLOYMENT_TARGET = 12.0;
				MARKETING_VERSION = 1.0;
				PRODUCT_BUNDLE_IDENTIFIER = "com.fbg.marvel-comics";
				PRODUCT_NAME = "$(TARGET_NAME)";
				REGISTER_APP_GROUPS = YES;
				SWIFT_EMIT_LOC_STRINGS = YES;
				SWIFT_VERSION = 5.0;
			};
			name = Debug;
		};
		8939BCB42E522399008A4619 /* Release */ = {
			isa = XCBuildConfiguration;
			buildSettings = {
				ASSETCATALOG_COMPILER_APPICON_NAME = AppIcon;
				ASSETCATALOG_COMPILER_GLOBAL_ACCENT_COLOR_NAME = AccentColor;
				CODE_SIGN_ENTITLEMENTS = "marvel-comics/marvel_comics.entitlements";
				CODE_SIGN_STYLE = Automatic;
				COMBINE_HIDPI_IMAGES = YES;
				CURRENT_PROJECT_VERSION = 1;
				DEVELOPMENT_TEAM = N42NU3UXS4;
				ENABLE_HARDENED_RUNTIME = YES;
				ENABLE_PREVIEWS = YES;
				GENERATE_INFOPLIST_FILE = YES;
				INFOPLIST_KEY_NSHumanReadableCopyright = "";
				LD_RUNPATH_SEARCH_PATHS = (
					"$(inherited)",
					"@executable_path/../Frameworks",
				);
				MACOSX_DEPLOYMENT_TARGET = 12.0;
				MARKETING_VERSION = 1.0;
				PRODUCT_BUNDLE_IDENTIFIER = "com.fbg.marvel-comics";
				PRODUCT_NAME = "$(TARGET_NAME)";
				REGISTER_APP_GROUPS = YES;
				SWIFT_EMIT_LOC_STRINGS = YES;
				SWIFT_VERSION = 5.0;
			};
			name = Release;
		};
		8939BCB62E522399008A4619 /* Debug */ = {
			isa = XCBuildConfiguration;
			buildSettings = {
				BUNDLE_LOADER = "$(TEST_HOST)";
				CODE_SIGN_STYLE = Automatic;
				CURRENT_PROJECT_VERSION = 1;
				DEVELOPMENT_TEAM = N42NU3UXS4;
				GENERATE_INFOPLIST_FILE = YES;
				MACOSX_DEPLOYMENT_TARGET = 15.4;
				MARKETING_VERSION = 1.0;
				PRODUCT_BUNDLE_IDENTIFIER = "com.fbg.marvel-comicsTests";
				PRODUCT_NAME = "$(TARGET_NAME)";
				SWIFT_EMIT_LOC_STRINGS = NO;
				SWIFT_VERSION = 5.0;
				TEST_HOST = "$(BUILT_PRODUCTS_DIR)/marvel-comics.app/$(BUNDLE_EXECUTABLE_FOLDER_PATH)/marvel-comics";
			};
			name = Debug;
		};
		8939BCB72E522399008A4619 /* Release */ = {
			isa = XCBuildConfiguration;
			buildSettings = {
				BUNDLE_LOADER = "$(TEST_HOST)";
				CODE_SIGN_STYLE = Automatic;
				CURRENT_PROJECT_VERSION = 1;
				DEVELOPMENT_TEAM = N42NU3UXS4;
				GENERATE_INFOPLIST_FILE = YES;
				MACOSX_DEPLOYMENT_TARGET = 15.4;
				MARKETING_VERSION = 1.0;
				PRODUCT_BUNDLE_IDENTIFIER = "com.fbg.marvel-comicsTests";
				PRODUCT_NAME = "$(TARGET_NAME)";
				SWIFT_EMIT_LOC_STRINGS = NO;
				SWIFT_VERSION = 5.0;
				TEST_HOST = "$(BUILT_PRODUCTS_DIR)/marvel-comics.app/$(BUNDLE_EXECUTABLE_FOLDER_PATH)/marvel-comics";
			};
			name = Release;
		};
		8939BCB92E522399008A4619 /* Debug */ = {
			isa = XCBuildConfiguration;
			buildSettings = {
				CODE_SIGN_STYLE = Automatic;
				CURRENT_PROJECT_VERSION = 1;
				DEVELOPMENT_TEAM = N42NU3UXS4;
				GENERATE_INFOPLIST_FILE = YES;
				MARKETING_VERSION = 1.0;
				PRODUCT_BUNDLE_IDENTIFIER = "com.fbg.marvel-comicsUITests";
				PRODUCT_NAME = "$(TARGET_NAME)";
				SWIFT_EMIT_LOC_STRINGS = NO;
				SWIFT_VERSION = 5.0;
				TEST_TARGET_NAME = "marvel-comics";
			};
			name = Debug;
		};
		8939BCBA2E522399008A4619 /* Release */ = {
			isa = XCBuildConfiguration;
			buildSettings = {
				CODE_SIGN_STYLE = Automatic;
				CURRENT_PROJECT_VERSION = 1;
				DEVELOPMENT_TEAM = N42NU3UXS4;
				GENERATE_INFOPLIST_FILE = YES;
				MARKETING_VERSION = 1.0;
				PRODUCT_BUNDLE_IDENTIFIER = "com.fbg.marvel-comicsUITests";
				PRODUCT_NAME = "$(TARGET_NAME)";
				SWIFT_EMIT_LOC_STRINGS = NO;
				SWIFT_VERSION = 5.0;
				TEST_TARGET_NAME = "marvel-comics";
			};
			name = Release;
		};
/* End XCBuildConfiguration section */

/* Begin XCConfigurationList section */
		8939BC8B2E522397008A4619 /* Build configuration list for PBXProject "marvel-comics" */ = {
			isa = XCConfigurationList;
			buildConfigurations = (
				8939BCB02E522399008A4619 /* Debug */,
				8939BCB12E522399008A4619 /* Release */,
			);
			defaultConfigurationIsVisible = 0;
			defaultConfigurationName = Release;
		};
		8939BCB22E522399008A4619 /* Build configuration list for PBXNativeTarget "marvel-comics" */ = {
			isa = XCConfigurationList;
			buildConfigurations = (
				8939BCB32E522399008A4619 /* Debug */,
				8939BCB42E522399008A4619 /* Release */,
			);
			defaultConfigurationIsVisible = 0;
			defaultConfigurationName = Release;
		};
		8939BCB52E522399008A4619 /* Build configuration list for PBXNativeTarget "marvel-comicsTests" */ = {
			isa = XCConfigurationList;
			buildConfigurations = (
				8939BCB62E522399008A4619 /* Debug */,
				8939BCB72E522399008A4619 /* Release */,
			);
			defaultConfigurationIsVisible = 0;
			defaultConfigurationName = Release;
		};
		8939BCB82E522399008A4619 /* Build configuration list for PBXNativeTarget "marvel-comicsUITests" */ = {
			isa = XCConfigurationList;
			buildConfigurations = (
				8939BCB92E522399008A4619 /* Debug */,
				8939BCBA2E522399008A4619 /* Release */,
			);
			defaultConfigurationIsVisible = 0;
			defaultConfigurationName = Release;
		};
/* End XCConfigurationList section */
	};
	rootObject = 8939BC882E522397008A4619 /* Project object */;
}
